
Microsoft Visual Studio Solution File, Format Version 12.00
# Visual Studio Version 17
VisualStudioVersion = 17.10.35027.167
MinimumVisualStudioVersion = 10.0.40219.1
Project("{9A19103F-16F7-4668-BE54-9A1E7A4F7556}") = "CS01", "CS01\CS01.csproj", "{F77524EB-FFB2-4647-B3BC-86AD99BC7FFD}"
EndProject
Project("{9A19103F-16F7-4668-BE54-9A1E7A4F7556}") = "CS02", "CS02\CS02.csproj", "{AE78EF27-7982-4F0C-AA1B-42AB9C06CC22}"
EndProject
Project("{9A19103F-16F7-4668-BE54-9A1E7A4F7556}") = "CS03", "CS03\CS03.csproj", "{5FB28551-3C8A-4B46-89C4-C4F265271EED}"
EndProject
Project("{9A19103F-16F7-4668-BE54-9A1E7A4F7556}") = "CS04", "CS04\CS04.csproj", "{E3A5A1DE-EBA6-4957-84EA-1C000DFAAA19}"
EndProject
Project("{9A19103F-16F7-4668-BE54-9A1E7A4F7556}") = "CS05", "CS05\CS05.csproj", "{FDCE0BE1-5571-414E-8CDD-EB2271332E1C}"
EndProject
Project("{9A19103F-16F7-4668-BE54-9A1E7A4F7556}") = "CS06", "CS06\CS06.csproj", "{BFC07519-8390-47E2-B995-1B269813F199}"
EndProject
Project("{9A19103F-16F7-4668-BE54-9A1E7A4F7556}") = "CS07", "CS07\CS07.csproj", "{E3AAC9E6-5439-4BC6-B58C-D205494670B8}"
EndProject
Project("{9A19103F-16F7-4668-BE54-9A1E7A4F7556}") = "CS08", "CS08\CS08.csproj", "{16128727-3F92-4B6E-9861-3C65EBF79BB2}"
EndProject
Project("{9A19103F-16F7-4668-BE54-9A1E7A4F7556}") = "CS09", "CS09\CS09.csproj", "{33683DDD-F7B0-4D83-BE26-EA3ECF2CFD22}"
EndProject
Project("{FAE04EC0-301F-11D3-BF4B-00C04F79EFBC}") = "CS10", "CS10\CS10.csproj", "{7CD60082-5C58-424A-9CDF-34195DB9527C}"
EndProject
Project("{FAE04EC0-301F-11D3-BF4B-00C04F79EFBC}") = "CS11", "CS11\CS11.csproj", "{342EABE9-F4BA-4ED6-9DCA-932F155AB605}"
EndProject
Global
	GlobalSection(SolutionConfigurationPlatforms) = preSolution
		Debug|Any CPU = Debug|Any CPU
		Release|Any CPU = Release|Any CPU
	EndGlobalSection
	GlobalSection(ProjectConfigurationPlatforms) = postSolution
		{F77524EB-FFB2-4647-B3BC-86AD99BC7FFD}.Debug|Any CPU.ActiveCfg = Debug|Any CPU
		{F77524EB-FFB2-4647-B3BC-86AD99BC7FFD}.Debug|Any CPU.Build.0 = Debug|Any CPU
		{F77524EB-FFB2-4647-B3BC-86AD99BC7FFD}.Release|Any CPU.ActiveCfg = Release|Any CPU
		{F77524EB-FFB2-4647-B3BC-86AD99BC7FFD}.Release|Any CPU.Build.0 = Release|Any CPU
		{AE78EF27-7982-4F0C-AA1B-42AB9C06CC22}.Debug|Any CPU.ActiveCfg = Debug|Any CPU
		{AE78EF27-7982-4F0C-AA1B-42AB9C06CC22}.Debug|Any CPU.Build.0 = Debug|Any CPU
		{AE78EF27-7982-4F0C-AA1B-42AB9C06CC22}.Release|Any CPU.ActiveCfg = Release|Any CPU
		{AE78EF27-7982-4F0C-AA1B-42AB9C06CC22}.Release|Any CPU.Build.0 = Release|Any CPU
		{5FB28551-3C8A-4B46-89C4-C4F265271EED}.Debug|Any CPU.ActiveCfg = Debug|Any CPU
		{5FB28551-3C8A-4B46-89C4-C4F265271EED}.Debug|Any CPU.Build.0 = Debug|Any CPU
		{5FB28551-3C8A-4B46-89C4-C4F265271EED}.Release|Any CPU.ActiveCfg = Release|Any CPU
		{5FB28551-3C8A-4B46-89C4-C4F265271EED}.Release|Any CPU.Build.0 = Release|Any CPU
		{E3A5A1DE-EBA6-4957-84EA-1C000DFAAA19}.Debug|Any CPU.ActiveCfg = Debug|Any CPU
		{E3A5A1DE-EBA6-4957-84EA-1C000DFAAA19}.Debug|Any CPU.Build.0 = Debug|Any CPU
		{E3A5A1DE-EBA6-4957-84EA-1C000DFAAA19}.Release|Any CPU.ActiveCfg = Release|Any CPU
		{E3A5A1DE-EBA6-4957-84EA-1C000DFAAA19}.Release|Any CPU.Build.0 = Release|Any CPU
		{FDCE0BE1-5571-414E-8CDD-EB2271332E1C}.Debug|Any CPU.ActiveCfg = Debug|Any CPU
		{FDCE0BE1-5571-414E-8CDD-EB2271332E1C}.Debug|Any CPU.Build.0 = Debug|Any CPU
		{FDCE0BE1-5571-414E-8CDD-EB2271332E1C}.Release|Any CPU.ActiveCfg = Release|Any CPU
		{FDCE0BE1-5571-414E-8CDD-EB2271332E1C}.Release|Any CPU.Build.0 = Release|Any CPU
		{BFC07519-8390-47E2-B995-1B269813F199}.Debug|Any CPU.ActiveCfg = Debug|Any CPU
		{BFC07519-8390-47E2-B995-1B269813F199}.Debug|Any CPU.Build.0 = Debug|Any CPU
		{BFC07519-8390-47E2-B995-1B269813F199}.Release|Any CPU.ActiveCfg = Release|Any CPU
		{BFC07519-8390-47E2-B995-1B269813F199}.Release|Any CPU.Build.0 = Release|Any CPU
		{E3AAC9E6-5439-4BC6-B58C-D205494670B8}.Debug|Any CPU.ActiveCfg = Debug|Any CPU
		{E3AAC9E6-5439-4BC6-B58C-D205494670B8}.Debug|Any CPU.Build.0 = Debug|Any CPU
		{E3AAC9E6-5439-4BC6-B58C-D205494670B8}.Release|Any CPU.ActiveCfg = Release|Any CPU
		{E3AAC9E6-5439-4BC6-B58C-D205494670B8}.Release|Any CPU.Build.0 = Release|Any CPU
		{16128727-3F92-4B6E-9861-3C65EBF79BB2}.Debug|Any CPU.ActiveCfg = Debug|Any CPU
		{16128727-3F92-4B6E-9861-3C65EBF79BB2}.Debug|Any CPU.Build.0 = Debug|Any CPU
		{16128727-3F92-4B6E-9861-3C65EBF79BB2}.Release|Any CPU.ActiveCfg = Release|Any CPU
		{16128727-3F92-4B6E-9861-3C65EBF79BB2}.Release|Any CPU.Build.0 = Release|Any CPU
		{33683DDD-F7B0-4D83-BE26-EA3ECF2CFD22}.Debug|Any CPU.ActiveCfg = Debug|Any CPU
		{33683DDD-F7B0-4D83-BE26-EA3ECF2CFD22}.Debug|Any CPU.Build.0 = Debug|Any CPU
		{33683DDD-F7B0-4D83-BE26-EA3ECF2CFD22}.Release|Any CPU.ActiveCfg = Release|Any CPU
		{33683DDD-F7B0-4D83-BE26-EA3ECF2CFD22}.Release|Any CPU.Build.0 = Release|Any CPU
		{7CD60082-5C58-424A-9CDF-34195DB9527C}.Debug|Any CPU.ActiveCfg = Debug|Any CPU
		{7CD60082-5C58-424A-9CDF-34195DB9527C}.Debug|Any CPU.Build.0 = Debug|Any CPU
		{7CD60082-5C58-424A-9CDF-34195DB9527C}.Release|Any CPU.ActiveCfg = Release|Any CPU
		{7CD60082-5C58-424A-9CDF-34195DB9527C}.Release|Any CPU.Build.0 = Release|Any CPU
		{342EABE9-F4BA-4ED6-9DCA-932F155AB605}.Debug|Any CPU.ActiveCfg = Debug|Any CPU
		{342EABE9-F4BA-4ED6-9DCA-932F155AB605}.Debug|Any CPU.Build.0 = Debug|Any CPU
		{342EABE9-F4BA-4ED6-9DCA-932F155AB605}.Release|Any CPU.ActiveCfg = Release|Any CPU
		{342EABE9-F4BA-4ED6-9DCA-932F155AB605}.Release|Any CPU.Build.0 = Release|Any CPU
	EndGlobalSection
	GlobalSection(SolutionProperties) = preSolution
		HideSolutionNode = FALSE
	EndGlobalSection
	GlobalSection(ExtensibilityGlobals) = postSolution
		SolutionGuid = {7E9F20D1-EAEA-448E-BAD1-FB42A3035FEE}
	EndGlobalSection
EndGlobal
